<?xml version="1.0" encoding="utf-8"?>
<Project ToolsVersion="4.0" xmlns="http://schemas.microsoft.com/developer/msbuild/2003">
  <ItemGroup>
    <Filter Include="Source Files">
      <UniqueIdentifier>{4FC737F1-C7A5-4376-A066-2A32D752A2FF}</UniqueIdentifier>
      <Extensions>cpp;c;cc;cxx;c++;cppm;ixx;def;odl;idl;hpj;bat;asm;asmx</Extensions>
    </Filter>
    <Filter Include="Header Files">
      <UniqueIdentifier>{93995380-89BD-4b04-88EB-625FBE52EBFB}</UniqueIdentifier>
      <Extensions>h;hh;hpp;hxx;h++;hm;inl;inc;ipp;xsd</Extensions>
    </Filter>
    <Filter Include="Resource Files">
      <UniqueIdentifier>{67DA6AB6-F800-4c08-8B7A-83BB121AAD01}</UniqueIdentifier>
      <Extensions>rc;ico;cur;bmp;dlg;rc2;rct;bin;rgs;gif;jpg;jpeg;jpe;resx;tiff;tif;png;wav;mfcribbon-ms</Extensions>
    </Filter>
    <Filter Include="Models">
      <UniqueIdentifier>{a4af6605-7a2a-4470-9412-3f2d516f7e3b}</UniqueIdentifier>
    </Filter>
    <Filter Include="SqlServer">
      <UniqueIdentifier>{ba89f3fb-33af-4936-845a-a2107944c776}</UniqueIdentifier>
    </Filter>
    <Filter Include="Models\Sys">
      <UniqueIdentifier>{87047a1c-7e86-4249-aad2-2ccdf698d9be}</UniqueIdentifier>
    </Filter>
  </ItemGroup>
  <ItemGroup>
    <ClCompile Include="BasicQueryModule.ixx">
      <Filter>Source Files</Filter>
    </ClCompile>
    <ClCompile Include="Categories.ixx">
      <Filter>Models</Filter>
    </ClCompile>
    <ClCompile Include="Models.ixx">
      <Filter>Models</Filter>
    </ClCompile>
    <ClCompile Include="Customers.ixx">
      <Filter>Models</Filter>
    </ClCompile>
    <ClCompile Include="NorthwindContext.ixx">
      <Filter>Source Files</Filter>
    </ClCompile>
    <ClCompile Include="SqlServer.ixx">
      <Filter>SqlServer</Filter>
    </ClCompile>
    <ClCompile Include="OdbcContext.ixx">
      <Filter>SqlServer</Filter>
    </ClCompile>
    <ClCompile Include="StatementIterator.ixx">
      <Filter>SqlServer</Filter>
    </ClCompile>
    <ClCompile Include="SqlDataType.ixx">
      <Filter>SqlServer</Filter>
    </ClCompile>
    <ClCompile Include="OdbcDatabaseAccess.cpp">
      <Filter>Source Files</Filter>
    </ClCompile>
    <ClCompile Include="SysTable.ixx">
      <Filter>Models\Sys</Filter>
    </ClCompile>
  </ItemGroup>
</Project>