
Microsoft Visual Studio Solution File, Format Version 12.00
# Visual Studio Version 17
VisualStudioVersion = 17.4.33006.217
MinimumVisualStudioVersion = 10.0.40219.1
Project("{8BC9CEB8-8B4A-11D0-8D11-00A0C91BC942}") = "OdbcDatabaseAccess", "OdbcDatabaseAccess\OdbcDatabaseAccess.vcxproj", "{A4A9DAF6-C543-4A05-9A65-E7425F4AC2DA}"
EndProject
Project("{2150E333-8FDC-42A3-9474-1A3956D46DE8}") = "Solution", "Solution", "{6F46D750-C339-4D52-8DF0-E67C0B30F104}"
	ProjectSection(SolutionItems) = preProject
		..\.gitignore = ..\.gitignore
		..\README.md = ..\README.md
	EndProjectSection
EndProject
Global
	GlobalSection(SolutionConfigurationPlatforms) = preSolution
		Debug|x64 = Debug|x64
		Debug|x86 = Debug|x86
		Release|x64 = Release|x64
		Release|x86 = Release|x86
	EndGlobalSection
	GlobalSection(ProjectConfigurationPlatforms) = postSolution
		{A4A9DAF6-C543-4A05-9A65-E7425F4AC2DA}.Debug|x64.ActiveCfg = Debug|x64
		{A4A9DAF6-C543-4A05-9A65-E7425F4AC2DA}.Debug|x64.Build.0 = Debug|x64
		{A4A9DAF6-C543-4A05-9A65-E7425F4AC2DA}.Debug|x86.ActiveCfg = Debug|Win32
		{A4A9DAF6-C543-4A05-9A65-E7425F4AC2DA}.Debug|x86.Build.0 = Debug|Win32
		{A4A9DAF6-C543-4A05-9A65-E7425F4AC2DA}.Release|x64.ActiveCfg = Release|x64
		{A4A9DAF6-C543-4A05-9A65-E7425F4AC2DA}.Release|x64.Build.0 = Release|x64
		{A4A9DAF6-C543-4A05-9A65-E7425F4AC2DA}.Release|x86.ActiveCfg = Release|Win32
		{A4A9DAF6-C543-4A05-9A65-E7425F4AC2DA}.Release|x86.Build.0 = Release|Win32
	EndGlobalSection
	GlobalSection(SolutionProperties) = preSolution
		HideSolutionNode = FALSE
	EndGlobalSection
	GlobalSection(ExtensibilityGlobals) = postSolution
		SolutionGuid = {3EEEE744-6F2F-4374-82E7-A8617E1FC094}
	EndGlobalSection
EndGlobal
